
Microsoft Visual Studio Solution File, Format Version 12.00
# Visual Studio Version 17
VisualStudioVersion = 17.9.34728.123
MinimumVisualStudioVersion = 10.0.40219.1
Project("{2150E333-8FDC-42A3-9474-1A3956D46DE8}") = "CreationalPattern", "CreationalPattern", "{40D612A3-3C9B-4CF5-B7B1-DD6E48DC6A12}"
EndProject
Project("{9A19103F-16F7-4668-BE54-9A1E7A4F7556}") = "PizzaShopFactoryMethod", "CreationalPattern\FactoryMethod\PizzaShopFactoryMethod\PizzaShopFactoryMethod\PizzaShopFactoryMethod.csproj", "{53CDD308-CD24-4680-8A7F-15DDCB08AECF}"
EndProject
Project("{2150E333-8FDC-42A3-9474-1A3956D46DE8}") = "SimpleFactory", "SimpleFactory", "{63B6829F-861D-4131-9461-BAC082BE6C0E}"
EndProject
Project("{2150E333-8FDC-42A3-9474-1A3956D46DE8}") = "FactoryMethod", "FactoryMethod", "{7C030436-FEEC-479D-8C62-27A3AF4E9103}"
EndProject
Project("{2150E333-8FDC-42A3-9474-1A3956D46DE8}") = "PizzaShop", "PizzaShop", "{1B3019DA-B13D-4CEB-8951-F806B6143743}"
EndProject
Project("{2150E333-8FDC-42A3-9474-1A3956D46DE8}") = "Messages", "Messages", "{5EC8A47C-CD01-4B97-8256-93EB9E50492A}"
EndProject
Project("{9A19103F-16F7-4668-BE54-9A1E7A4F7556}") = "PizzaShopNoSimpleFactory", "CreationalPattern\SimpleFactory\PizzaShop\PizarriaNoSimpleFactory\PizzaShopNoSimpleFactory.csproj", "{B219B429-7302-408E-9533-675FB65F431D}"
EndProject
Project("{9A19103F-16F7-4668-BE54-9A1E7A4F7556}") = "PizzaShopSimpleFactory", "CreationalPattern\SimpleFactory\PizzaShop\PizzariaSimpleFactory\PizzaShopSimpleFactory.csproj", "{B8807299-6A6C-448A-9644-FFB84ED0A30B}"
EndProject
Project("{9A19103F-16F7-4668-BE54-9A1E7A4F7556}") = "MessageServiceFactory", "CreationalPattern\SimpleFactory\MessageService\MessageServiceFactory\MessageServiceFactory.csproj", "{C16F702C-3903-43C6-83BA-B2E213E4EEF6}"
EndProject
Project("{2150E333-8FDC-42A3-9474-1A3956D46DE8}") = "AbstractFactory", "AbstractFactory", "{95F441AE-9900-4FAD-8294-BCFCB91A8553}"
EndProject
Project("{9A19103F-16F7-4668-BE54-9A1E7A4F7556}") = "MessagesFactoryMethod", "CreationalPattern\FactoryMethod\MessagesFactoryMethod\MessagesFactoryMethod.csproj", "{513AA8F9-FCCB-47E2-BF74-35232B92997D}"
EndProject
Project("{9A19103F-16F7-4668-BE54-9A1E7A4F7556}") = "AbstractCake&PizzaFactory", "CreationalPattern\AbstractFactory\AbstractCake&PizzaFactory\AbstractCake&PizzaFactory.csproj", "{195C915C-3CBD-4667-B088-16CB6EC58A7A}"
EndProject
Project("{9A19103F-16F7-4668-BE54-9A1E7A4F7556}") = "AbstractFurnitureFactory", "CreationalPattern\AbstractFactory\AbstractFurnitureFactory\AbstractFurnitureFactory.csproj", "{53109D58-B248-4F98-BCEF-BF7DFC91AFF4}"
EndProject
Project("{2150E333-8FDC-42A3-9474-1A3956D46DE8}") = "Builder", "Builder", "{AED498C0-9B6F-43BC-A281-81E2DCE29B18}"
EndProject
Project("{2150E333-8FDC-42A3-9474-1A3956D46DE8}") = "PizzaExample", "PizzaExample", "{EB1BA3CA-2D49-4978-89E6-5D8558B28BE8}"
EndProject
Project("{9A19103F-16F7-4668-BE54-9A1E7A4F7556}") = "PizzaBuilderExample", "CreationalPattern\Builder\PizzaExample\PizzaBuilder\PizzaBuilderExample.csproj", "{9120225F-ABE8-4AF8-86A7-57DA7E6CEEA5}"
EndProject
Project("{9A19103F-16F7-4668-BE54-9A1E7A4F7556}") = "PizzaWithoutBuilder", "CreationalPattern\Builder\PizzaWithoutBuilder\PizzaWithoutBuilder.csproj", "{9BFEE0EF-3363-4AC9-94F1-CC2BA43831DE}"
EndProject
Project("{2150E333-8FDC-42A3-9474-1A3956D46DE8}") = "CarExample", "CarExample", "{2FA6A885-A2AB-4BEA-B9CD-7703CB87AAC6}"
EndProject
Project("{9A19103F-16F7-4668-BE54-9A1E7A4F7556}") = "CarExampleBuilder", "CreationalPattern\Builder\CarExample\CarExampleBuilder\CarExampleBuilder.csproj", "{103BC7C8-B814-4442-870B-2766323DA937}"
EndProject
Project("{2150E333-8FDC-42A3-9474-1A3956D46DE8}") = "Singleton", "Singleton", "{8C1ED500-F25C-4736-90CC-93F1A3B0C119}"
EndProject
Project("{9A19103F-16F7-4668-BE54-9A1E7A4F7556}") = "SingletonPattern", "CreationalPattern\Singleton\SingletonPattern\SingletonPattern.csproj", "{BC8D5EC5-45F7-471A-8D39-039ECF94D088}"
EndProject
Project("{2150E333-8FDC-42A3-9474-1A3956D46DE8}") = "StructuralPattern", "StructuralPattern", "{C0662A00-985F-4A29-8C9A-99957A1E5D30}"
EndProject
Project("{2150E333-8FDC-42A3-9474-1A3956D46DE8}") = "Adapter", "Adapter", "{98ED99C6-3E1D-4E2B-A9B6-79554CABE3FE}"
EndProject
Project("{9A19103F-16F7-4668-BE54-9A1E7A4F7556}") = "SquarePegsAndRoundHolesExample", "StructuralPattern\Adapter\SquarePegsAndRoundHolesExample\SquarePegsAndRoundHolesExample.csproj", "{07003EAE-2398-461D-A4B2-188C145D7F62}"
EndProject
Project("{2150E333-8FDC-42A3-9474-1A3956D46DE8}") = "SquarePegsAndRoundRoles", "SquarePegsAndRoundRoles", "{09537045-8251-49C8-A819-81AB958AA105}"
EndProject
Project("{2150E333-8FDC-42A3-9474-1A3956D46DE8}") = "ConvertArrayStringToListUser", "ConvertArrayStringToListUser", "{82820BC6-4A4E-4CC2-99C7-75322404AD2B}"
EndProject
Project("{9A19103F-16F7-4668-BE54-9A1E7A4F7556}") = "ConvertStudent", "StructuralPattern\Adapter\ConvertStudent\ConvertStudent.csproj", "{4D2D01F0-3A4C-4A2E-8EB0-E01012C9C663}"
EndProject
Project("{2150E333-8FDC-42A3-9474-1A3956D46DE8}") = "Facade", "Facade", "{9420ECCF-D7EC-411B-B2C5-7D52DCE08893}"
EndProject
Project("{2150E333-8FDC-42A3-9474-1A3956D46DE8}") = "Serasa", "Serasa", "{BACCA1CE-7D1E-42CD-9F10-066A875E0569}"
EndProject
Project("{9A19103F-16F7-4668-BE54-9A1E7A4F7556}") = "Serasa", "StructuralPattern\Facade\Facade\Serasa\Serasa.csproj", "{E3BA5CCB-A09E-4F2C-812A-4186BB8A0BD5}"
EndProject
Project("{2150E333-8FDC-42A3-9474-1A3956D46DE8}") = "BehaviorPattern", "BehaviorPattern", "{FF4389E2-315E-4405-8CCC-52B04FB9879E}"
EndProject
Project("{9A19103F-16F7-4668-BE54-9A1E7A4F7556}") = "ArchiveTypes", "BehaviorPattern\Strategy\ArchiveTypes\ArchiveTypes.csproj", "{EE880E8C-E1F8-4E1E-965C-B98AFAF4A073}"
EndProject
Project("{2150E333-8FDC-42A3-9474-1A3956D46DE8}") = "ArchiveTypeExample", "ArchiveTypeExample", "{EC540279-869F-4693-8D60-4579841AFDA6}"
EndProject
Project("{2150E333-8FDC-42A3-9474-1A3956D46DE8}") = "Strategy", "Strategy", "{E77201E5-9380-4D10-8B4D-FA673F1607F8}"
EndProject
Project("{2150E333-8FDC-42A3-9474-1A3956D46DE8}") = "Observer", "Observer", "{74724008-F8F9-4746-A097-8E3EC76EE233}"
EndProject
Project("{9A19103F-16F7-4668-BE54-9A1E7A4F7556}") = "PhoneObserver", "PhoneObserverExample\PhoneObserver.csproj", "{DEA2E48C-AB25-4A50-B7EA-E1A8F0332002}"
EndProject
Project("{2150E333-8FDC-42A3-9474-1A3956D46DE8}") = "PhoneObserverExample", "PhoneObserverExample", "{502D819B-AFF8-4B89-90C5-7E8B48D81147}"
EndProject
Project("{2150E333-8FDC-42A3-9474-1A3956D46DE8}") = "SensorMonitoring", "SensorMonitoring", "{39F076DD-B061-4DB0-A301-89AFD5B398F4}"
EndProject
Project("{FAE04EC0-301F-11D3-BF4B-00C04F79EFBC}") = "Sensor MonitoringExample", "Sensor MonitoringExample\Sensor MonitoringExample.csproj", "{FCE3DE51-9BA7-4523-8094-36D775CFD0D1}"
EndProject
Global
	GlobalSection(SolutionConfigurationPlatforms) = preSolution
		Debug|Any CPU = Debug|Any CPU
		Release|Any CPU = Release|Any CPU
	EndGlobalSection
	GlobalSection(ProjectConfigurationPlatforms) = postSolution
		{53CDD308-CD24-4680-8A7F-15DDCB08AECF}.Debug|Any CPU.ActiveCfg = Debug|Any CPU
		{53CDD308-CD24-4680-8A7F-15DDCB08AECF}.Debug|Any CPU.Build.0 = Debug|Any CPU
		{53CDD308-CD24-4680-8A7F-15DDCB08AECF}.Release|Any CPU.ActiveCfg = Release|Any CPU
		{53CDD308-CD24-4680-8A7F-15DDCB08AECF}.Release|Any CPU.Build.0 = Release|Any CPU
		{B219B429-7302-408E-9533-675FB65F431D}.Debug|Any CPU.ActiveCfg = Debug|Any CPU
		{B219B429-7302-408E-9533-675FB65F431D}.Debug|Any CPU.Build.0 = Debug|Any CPU
		{B219B429-7302-408E-9533-675FB65F431D}.Release|Any CPU.ActiveCfg = Release|Any CPU
		{B219B429-7302-408E-9533-675FB65F431D}.Release|Any CPU.Build.0 = Release|Any CPU
		{B8807299-6A6C-448A-9644-FFB84ED0A30B}.Debug|Any CPU.ActiveCfg = Debug|Any CPU
		{B8807299-6A6C-448A-9644-FFB84ED0A30B}.Debug|Any CPU.Build.0 = Debug|Any CPU
		{B8807299-6A6C-448A-9644-FFB84ED0A30B}.Release|Any CPU.ActiveCfg = Release|Any CPU
		{B8807299-6A6C-448A-9644-FFB84ED0A30B}.Release|Any CPU.Build.0 = Release|Any CPU
		{C16F702C-3903-43C6-83BA-B2E213E4EEF6}.Debug|Any CPU.ActiveCfg = Debug|Any CPU
		{C16F702C-3903-43C6-83BA-B2E213E4EEF6}.Debug|Any CPU.Build.0 = Debug|Any CPU
		{C16F702C-3903-43C6-83BA-B2E213E4EEF6}.Release|Any CPU.ActiveCfg = Release|Any CPU
		{C16F702C-3903-43C6-83BA-B2E213E4EEF6}.Release|Any CPU.Build.0 = Release|Any CPU
		{513AA8F9-FCCB-47E2-BF74-35232B92997D}.Debug|Any CPU.ActiveCfg = Debug|Any CPU
		{513AA8F9-FCCB-47E2-BF74-35232B92997D}.Debug|Any CPU.Build.0 = Debug|Any CPU
		{513AA8F9-FCCB-47E2-BF74-35232B92997D}.Release|Any CPU.ActiveCfg = Release|Any CPU
		{513AA8F9-FCCB-47E2-BF74-35232B92997D}.Release|Any CPU.Build.0 = Release|Any CPU
		{195C915C-3CBD-4667-B088-16CB6EC58A7A}.Debug|Any CPU.ActiveCfg = Debug|Any CPU
		{195C915C-3CBD-4667-B088-16CB6EC58A7A}.Debug|Any CPU.Build.0 = Debug|Any CPU
		{195C915C-3CBD-4667-B088-16CB6EC58A7A}.Release|Any CPU.ActiveCfg = Release|Any CPU
		{195C915C-3CBD-4667-B088-16CB6EC58A7A}.Release|Any CPU.Build.0 = Release|Any CPU
		{53109D58-B248-4F98-BCEF-BF7DFC91AFF4}.Debug|Any CPU.ActiveCfg = Debug|Any CPU
		{53109D58-B248-4F98-BCEF-BF7DFC91AFF4}.Debug|Any CPU.Build.0 = Debug|Any CPU
		{53109D58-B248-4F98-BCEF-BF7DFC91AFF4}.Release|Any CPU.ActiveCfg = Release|Any CPU
		{53109D58-B248-4F98-BCEF-BF7DFC91AFF4}.Release|Any CPU.Build.0 = Release|Any CPU
		{9120225F-ABE8-4AF8-86A7-57DA7E6CEEA5}.Debug|Any CPU.ActiveCfg = Debug|Any CPU
		{9120225F-ABE8-4AF8-86A7-57DA7E6CEEA5}.Debug|Any CPU.Build.0 = Debug|Any CPU
		{9120225F-ABE8-4AF8-86A7-57DA7E6CEEA5}.Release|Any CPU.ActiveCfg = Release|Any CPU
		{9120225F-ABE8-4AF8-86A7-57DA7E6CEEA5}.Release|Any CPU.Build.0 = Release|Any CPU
		{9BFEE0EF-3363-4AC9-94F1-CC2BA43831DE}.Debug|Any CPU.ActiveCfg = Debug|Any CPU
		{9BFEE0EF-3363-4AC9-94F1-CC2BA43831DE}.Debug|Any CPU.Build.0 = Debug|Any CPU
		{9BFEE0EF-3363-4AC9-94F1-CC2BA43831DE}.Release|Any CPU.ActiveCfg = Release|Any CPU
		{9BFEE0EF-3363-4AC9-94F1-CC2BA43831DE}.Release|Any CPU.Build.0 = Release|Any CPU
		{103BC7C8-B814-4442-870B-2766323DA937}.Debug|Any CPU.ActiveCfg = Debug|Any CPU
		{103BC7C8-B814-4442-870B-2766323DA937}.Debug|Any CPU.Build.0 = Debug|Any CPU
		{103BC7C8-B814-4442-870B-2766323DA937}.Release|Any CPU.ActiveCfg = Release|Any CPU
		{103BC7C8-B814-4442-870B-2766323DA937}.Release|Any CPU.Build.0 = Release|Any CPU
		{BC8D5EC5-45F7-471A-8D39-039ECF94D088}.Debug|Any CPU.ActiveCfg = Debug|Any CPU
		{BC8D5EC5-45F7-471A-8D39-039ECF94D088}.Debug|Any CPU.Build.0 = Debug|Any CPU
		{BC8D5EC5-45F7-471A-8D39-039ECF94D088}.Release|Any CPU.ActiveCfg = Release|Any CPU
		{BC8D5EC5-45F7-471A-8D39-039ECF94D088}.Release|Any CPU.Build.0 = Release|Any CPU
		{07003EAE-2398-461D-A4B2-188C145D7F62}.Debug|Any CPU.ActiveCfg = Debug|Any CPU
		{07003EAE-2398-461D-A4B2-188C145D7F62}.Debug|Any CPU.Build.0 = Debug|Any CPU
		{07003EAE-2398-461D-A4B2-188C145D7F62}.Release|Any CPU.ActiveCfg = Release|Any CPU
		{07003EAE-2398-461D-A4B2-188C145D7F62}.Release|Any CPU.Build.0 = Release|Any CPU
		{4D2D01F0-3A4C-4A2E-8EB0-E01012C9C663}.Debug|Any CPU.ActiveCfg = Debug|Any CPU
		{4D2D01F0-3A4C-4A2E-8EB0-E01012C9C663}.Debug|Any CPU.Build.0 = Debug|Any CPU
		{4D2D01F0-3A4C-4A2E-8EB0-E01012C9C663}.Release|Any CPU.ActiveCfg = Release|Any CPU
		{4D2D01F0-3A4C-4A2E-8EB0-E01012C9C663}.Release|Any CPU.Build.0 = Release|Any CPU
		{E3BA5CCB-A09E-4F2C-812A-4186BB8A0BD5}.Debug|Any CPU.ActiveCfg = Debug|Any CPU
		{E3BA5CCB-A09E-4F2C-812A-4186BB8A0BD5}.Debug|Any CPU.Build.0 = Debug|Any CPU
		{E3BA5CCB-A09E-4F2C-812A-4186BB8A0BD5}.Release|Any CPU.ActiveCfg = Release|Any CPU
		{E3BA5CCB-A09E-4F2C-812A-4186BB8A0BD5}.Release|Any CPU.Build.0 = Release|Any CPU
		{EE880E8C-E1F8-4E1E-965C-B98AFAF4A073}.Debug|Any CPU.ActiveCfg = Debug|Any CPU
		{EE880E8C-E1F8-4E1E-965C-B98AFAF4A073}.Debug|Any CPU.Build.0 = Debug|Any CPU
		{EE880E8C-E1F8-4E1E-965C-B98AFAF4A073}.Release|Any CPU.ActiveCfg = Release|Any CPU
		{EE880E8C-E1F8-4E1E-965C-B98AFAF4A073}.Release|Any CPU.Build.0 = Release|Any CPU
		{DEA2E48C-AB25-4A50-B7EA-E1A8F0332002}.Debug|Any CPU.ActiveCfg = Debug|Any CPU
		{DEA2E48C-AB25-4A50-B7EA-E1A8F0332002}.Debug|Any CPU.Build.0 = Debug|Any CPU
		{DEA2E48C-AB25-4A50-B7EA-E1A8F0332002}.Release|Any CPU.ActiveCfg = Release|Any CPU
		{DEA2E48C-AB25-4A50-B7EA-E1A8F0332002}.Release|Any CPU.Build.0 = Release|Any CPU
		{FCE3DE51-9BA7-4523-8094-36D775CFD0D1}.Debug|Any CPU.ActiveCfg = Debug|Any CPU
		{FCE3DE51-9BA7-4523-8094-36D775CFD0D1}.Debug|Any CPU.Build.0 = Debug|Any CPU
		{FCE3DE51-9BA7-4523-8094-36D775CFD0D1}.Release|Any CPU.ActiveCfg = Release|Any CPU
		{FCE3DE51-9BA7-4523-8094-36D775CFD0D1}.Release|Any CPU.Build.0 = Release|Any CPU
	EndGlobalSection
	GlobalSection(SolutionProperties) = preSolution
		HideSolutionNode = FALSE
	EndGlobalSection
	GlobalSection(NestedProjects) = preSolution
		{53CDD308-CD24-4680-8A7F-15DDCB08AECF} = {7C030436-FEEC-479D-8C62-27A3AF4E9103}
		{63B6829F-861D-4131-9461-BAC082BE6C0E} = {40D612A3-3C9B-4CF5-B7B1-DD6E48DC6A12}
		{7C030436-FEEC-479D-8C62-27A3AF4E9103} = {40D612A3-3C9B-4CF5-B7B1-DD6E48DC6A12}
		{1B3019DA-B13D-4CEB-8951-F806B6143743} = {63B6829F-861D-4131-9461-BAC082BE6C0E}
		{5EC8A47C-CD01-4B97-8256-93EB9E50492A} = {63B6829F-861D-4131-9461-BAC082BE6C0E}
		{B219B429-7302-408E-9533-675FB65F431D} = {1B3019DA-B13D-4CEB-8951-F806B6143743}
		{B8807299-6A6C-448A-9644-FFB84ED0A30B} = {1B3019DA-B13D-4CEB-8951-F806B6143743}
		{C16F702C-3903-43C6-83BA-B2E213E4EEF6} = {5EC8A47C-CD01-4B97-8256-93EB9E50492A}
		{95F441AE-9900-4FAD-8294-BCFCB91A8553} = {40D612A3-3C9B-4CF5-B7B1-DD6E48DC6A12}
		{513AA8F9-FCCB-47E2-BF74-35232B92997D} = {7C030436-FEEC-479D-8C62-27A3AF4E9103}
		{195C915C-3CBD-4667-B088-16CB6EC58A7A} = {95F441AE-9900-4FAD-8294-BCFCB91A8553}
		{53109D58-B248-4F98-BCEF-BF7DFC91AFF4} = {95F441AE-9900-4FAD-8294-BCFCB91A8553}
		{AED498C0-9B6F-43BC-A281-81E2DCE29B18} = {40D612A3-3C9B-4CF5-B7B1-DD6E48DC6A12}
		{EB1BA3CA-2D49-4978-89E6-5D8558B28BE8} = {AED498C0-9B6F-43BC-A281-81E2DCE29B18}
		{9120225F-ABE8-4AF8-86A7-57DA7E6CEEA5} = {EB1BA3CA-2D49-4978-89E6-5D8558B28BE8}
		{9BFEE0EF-3363-4AC9-94F1-CC2BA43831DE} = {EB1BA3CA-2D49-4978-89E6-5D8558B28BE8}
		{2FA6A885-A2AB-4BEA-B9CD-7703CB87AAC6} = {AED498C0-9B6F-43BC-A281-81E2DCE29B18}
		{103BC7C8-B814-4442-870B-2766323DA937} = {2FA6A885-A2AB-4BEA-B9CD-7703CB87AAC6}
		{8C1ED500-F25C-4736-90CC-93F1A3B0C119} = {40D612A3-3C9B-4CF5-B7B1-DD6E48DC6A12}
		{BC8D5EC5-45F7-471A-8D39-039ECF94D088} = {8C1ED500-F25C-4736-90CC-93F1A3B0C119}
		{98ED99C6-3E1D-4E2B-A9B6-79554CABE3FE} = {C0662A00-985F-4A29-8C9A-99957A1E5D30}
		{07003EAE-2398-461D-A4B2-188C145D7F62} = {09537045-8251-49C8-A819-81AB958AA105}
		{09537045-8251-49C8-A819-81AB958AA105} = {98ED99C6-3E1D-4E2B-A9B6-79554CABE3FE}
		{82820BC6-4A4E-4CC2-99C7-75322404AD2B} = {98ED99C6-3E1D-4E2B-A9B6-79554CABE3FE}
		{4D2D01F0-3A4C-4A2E-8EB0-E01012C9C663} = {82820BC6-4A4E-4CC2-99C7-75322404AD2B}
		{9420ECCF-D7EC-411B-B2C5-7D52DCE08893} = {C0662A00-985F-4A29-8C9A-99957A1E5D30}
		{BACCA1CE-7D1E-42CD-9F10-066A875E0569} = {9420ECCF-D7EC-411B-B2C5-7D52DCE08893}
		{E3BA5CCB-A09E-4F2C-812A-4186BB8A0BD5} = {BACCA1CE-7D1E-42CD-9F10-066A875E0569}
		{EE880E8C-E1F8-4E1E-965C-B98AFAF4A073} = {EC540279-869F-4693-8D60-4579841AFDA6}
		{EC540279-869F-4693-8D60-4579841AFDA6} = {E77201E5-9380-4D10-8B4D-FA673F1607F8}
		{E77201E5-9380-4D10-8B4D-FA673F1607F8} = {FF4389E2-315E-4405-8CCC-52B04FB9879E}
		{74724008-F8F9-4746-A097-8E3EC76EE233} = {FF4389E2-315E-4405-8CCC-52B04FB9879E}
		{DEA2E48C-AB25-4A50-B7EA-E1A8F0332002} = {502D819B-AFF8-4B89-90C5-7E8B48D81147}
		{502D819B-AFF8-4B89-90C5-7E8B48D81147} = {74724008-F8F9-4746-A097-8E3EC76EE233}
		{39F076DD-B061-4DB0-A301-89AFD5B398F4} = {74724008-F8F9-4746-A097-8E3EC76EE233}
		{FCE3DE51-9BA7-4523-8094-36D775CFD0D1} = {39F076DD-B061-4DB0-A301-89AFD5B398F4}
	EndGlobalSection
	GlobalSection(ExtensibilityGlobals) = postSolution
		SolutionGuid = {11A26DC0-33A6-4AB8-99AA-CEA6FECC8AF0}
	EndGlobalSection
EndGlobal
